
Microsoft Visual Studio Solution File, Format Version 12.00
# Visual Studio Version 17
VisualStudioVersion = 17.0.31903.59
MinimumVisualStudioVersion = 10.0.40219.1
Project("{2150E333-8FDC-42A3-9474-1A3956D46DE8}") = "src", "src", "{FB3B90EC-81B8-4E92-A804-6123C15C6B20}"
EndProject
Project("{FAE04EC0-301F-11D3-BF4B-00C04F79EFBC}") = "ModdingTool.App", "src\ModdingTool.App\ModdingTool.App.csproj", "{8E434F89-7568-4963-8383-C0B527E4C61A}"
EndProject
Project("{FAE04EC0-301F-11D3-BF4B-00C04F79EFBC}") = "ModdingTool.Core", "src\ModdingTool.Core\ModdingTool.Core.csproj", "{F4A00E4C-D308-450B-B2AC-8721980B2117}"
EndProject
Project("{2150E333-8FDC-42A3-9474-1A3956D46DE8}") = "tests", "tests", "{3EA672A1-6255-41BC-92A1-E70681A2B219}"
EndProject
Project("{FAE04EC0-301F-11D3-BF4B-00C04F79EFBC}") = "ModdingTool.Tests", "tests\ModdingTool.Tests\ModdingTool.Tests.csproj", "{8B49B186-0511-4626-B953-7F7419E5D8A4}"
EndProject
Global
	GlobalSection(SolutionConfigurationPlatforms) = preSolution
		Debug|Any CPU = Debug|Any CPU
		Release|Any CPU = Release|Any CPU
	EndGlobalSection
	GlobalSection(SolutionProperties) = preSolution
		HideSolutionNode = FALSE
	EndGlobalSection
	GlobalSection(ProjectConfigurationPlatforms) = postSolution
		{8E434F89-7568-4963-8383-C0B527E4C61A}.Debug|Any CPU.ActiveCfg = Debug|Any CPU
		{8E434F89-7568-4963-8383-C0B527E4C61A}.Debug|Any CPU.Build.0 = Debug|Any CPU
		{8E434F89-7568-4963-8383-C0B527E4C61A}.Release|Any CPU.ActiveCfg = Release|Any CPU
		{8E434F89-7568-4963-8383-C0B527E4C61A}.Release|Any CPU.Build.0 = Release|Any CPU
		{F4A00E4C-D308-450B-B2AC-8721980B2117}.Debug|Any CPU.ActiveCfg = Debug|Any CPU
		{F4A00E4C-D308-450B-B2AC-8721980B2117}.Debug|Any CPU.Build.0 = Debug|Any CPU
		{F4A00E4C-D308-450B-B2AC-8721980B2117}.Release|Any CPU.ActiveCfg = Release|Any CPU
		{F4A00E4C-D308-450B-B2AC-8721980B2117}.Release|Any CPU.Build.0 = Release|Any CPU
		{8B49B186-0511-4626-B953-7F7419E5D8A4}.Debug|Any CPU.ActiveCfg = Debug|Any CPU
		{8B49B186-0511-4626-B953-7F7419E5D8A4}.Debug|Any CPU.Build.0 = Debug|Any CPU
		{8B49B186-0511-4626-B953-7F7419E5D8A4}.Release|Any CPU.ActiveCfg = Release|Any CPU
		{8B49B186-0511-4626-B953-7F7419E5D8A4}.Release|Any CPU.Build.0 = Release|Any CPU
	EndGlobalSection
	GlobalSection(NestedProjects) = preSolution
		{8E434F89-7568-4963-8383-C0B527E4C61A} = {FB3B90EC-81B8-4E92-A804-6123C15C6B20}
		{F4A00E4C-D308-450B-B2AC-8721980B2117} = {FB3B90EC-81B8-4E92-A804-6123C15C6B20}
		{8B49B186-0511-4626-B953-7F7419E5D8A4} = {3EA672A1-6255-41BC-92A1-E70681A2B219}
	EndGlobalSection
EndGlobal
